
Microsoft Visual Studio Solution File, Format Version 12.00
# Visual Studio Version 16
VisualStudioVersion = 16.0.30717.126
MinimumVisualStudioVersion = 10.0.40219.1
Project("{9A19103F-16F7-4668-BE54-9A1E7A4F7556}") = "WebStore", "WebStore\WebStore.csproj", "{BE0A4B34-F1DC-4CEE-92A3-C31E325BB040}"
EndProject
Project("{9A19103F-16F7-4668-BE54-9A1E7A4F7556}") = "WebStore.Domain", "WebStore.Domain\WebStore.Domain.csproj", "{C441D410-DC3B-4D69-BDD3-2A52E5EDA468}"
EndProject
Project("{9A19103F-16F7-4668-BE54-9A1E7A4F7556}") = "WebStore.DAL", "WebStore.DAL\WebStore.DAL.csproj", "{9BD260EF-0D75-404E-8999-40210E836BC7}"
EndProject
Global
	GlobalSection(SolutionConfigurationPlatforms) = preSolution
		Debug|Any CPU = Debug|Any CPU
		Release|Any CPU = Release|Any CPU
	EndGlobalSection
	GlobalSection(ProjectConfigurationPlatforms) = postSolution
		{BE0A4B34-F1DC-4CEE-92A3-C31E325BB040}.Debug|Any CPU.ActiveCfg = Debug|Any CPU
		{BE0A4B34-F1DC-4CEE-92A3-C31E325BB040}.Debug|Any CPU.Build.0 = Debug|Any CPU
		{BE0A4B34-F1DC-4CEE-92A3-C31E325BB040}.Release|Any CPU.ActiveCfg = Release|Any CPU
		{BE0A4B34-F1DC-4CEE-92A3-C31E325BB040}.Release|Any CPU.Build.0 = Release|Any CPU
		{C441D410-DC3B-4D69-BDD3-2A52E5EDA468}.Debug|Any CPU.ActiveCfg = Debug|Any CPU
		{C441D410-DC3B-4D69-BDD3-2A52E5EDA468}.Debug|Any CPU.Build.0 = Debug|Any CPU
		{C441D410-DC3B-4D69-BDD3-2A52E5EDA468}.Release|Any CPU.ActiveCfg = Release|Any CPU
		{C441D410-DC3B-4D69-BDD3-2A52E5EDA468}.Release|Any CPU.Build.0 = Release|Any CPU
		{9BD260EF-0D75-404E-8999-40210E836BC7}.Debug|Any CPU.ActiveCfg = Debug|Any CPU
		{9BD260EF-0D75-404E-8999-40210E836BC7}.Debug|Any CPU.Build.0 = Debug|Any CPU
		{9BD260EF-0D75-404E-8999-40210E836BC7}.Release|Any CPU.ActiveCfg = Release|Any CPU
		{9BD260EF-0D75-404E-8999-40210E836BC7}.Release|Any CPU.Build.0 = Release|Any CPU
	EndGlobalSection
	GlobalSection(SolutionProperties) = preSolution
		HideSolutionNode = FALSE
	EndGlobalSection
	GlobalSection(ExtensibilityGlobals) = postSolution
		SolutionGuid = {CB4028BF-A3A1-417B-BF41-78A87D209EEC}
	EndGlobalSection
EndGlobal
